{
  "version": 4,
  "terraform_version": "1.0.11",
  "serial": 58,
  "lineage": "2aba9580-adfb-7e11-35c9-7e725fc9ad4f",
  "outputs": {
    "web1_extIP": {
      "value": "51.250.9.76",
      "type": "string"
    },
    "web2_extIP": {
      "value": "true",
      "type": "string"
    }
  },
  "resources": [
    {
      "mode": "managed",
      "type": "yandex_compute_instance",
      "name": "web1",
      "provider": "provider[\"registry.terraform.io/yandex-cloud/yandex\"]",
      "instances": [
        {
          "schema_version": 1,
          "attributes": {
            "allow_stopping_for_update": null,
            "boot_disk": [
              {
                "auto_delete": true,
                "device_name": "fhm06p8ng3ttc2q6t1sr",
                "disk_id": "fhm06p8ng3ttc2q6t1sr",
                "initialize_params": [
                  {
                    "description": "",
                    "image_id": "fd8ot0k0vde438jv0t8j",
                    "name": "",
                    "size": 3,
                    "snapshot_id": "",
                    "type": "network-hdd"
                  }
                ],
                "mode": "READ_WRITE"
              }
            ],
            "created_at": "2021-12-13T15:17:02Z",
            "description": "",
            "folder_id": "b1gcb5c8lbq0p898u2lg",
            "fqdn": "fhmt9kh0pbpgn3aanukm.auto.internal",
            "hostname": "fhmt9kh0pbpgn3aanukm",
            "id": "fhmt9kh0pbpgn3aanukm",
            "labels": {
              "group": "webservers"
            },
            "metadata": {
              "ssh-keys": "ubuntu:ssh-rsa AAAAB3NzaC1yc2EAAAADAQABAAABgQDG6FGS3bd+4I3g5WozP5IA9uiyLjS7HaKDXoU9j53LHOj5He28qTQ0InPs99wGgWO07gYbolDnlVW0Nmh88yfh4+wPLLp4sH357WyIRFQ5NLjkoAdYkj5Pv22siQriAtyRbAVQ+RMFR0LtRMmXSiRqJSdEFFRfk50h34GA5HtKhN1a0U6mbVgUB5v7JM7RxxOvNRYrb1fkg6Kuwb8z8XXZCOLyMeaHYR/fGQnWKQlvnrL1aRUzJHqkgRQi2N9FQbt5/fYqHAdPxaHMWxKin9dfguoDzjq/fXste2FA/xFH0TkT9lbnpPM4Ee7/Ta1H/cfwCmcAZvnJhBqM/h1b6cBjmJh9Um9EP6lQ4wnfVqL/XvBuggle2ljk3q94tlf+YeAp3moK0My+/gXD+MwS/joEHJHUdl2M/iZPxwvdPs7WcBnOd/KI4sgnOEiHEYppZahy5uMv+YJA61NRoB8C9ySqAOTjpBi11OKRqwgE8V/5wWzWDWGCItNA4zqzC+bPOo8= izhatomic@Xubuntu-VMoracle\n",
              "user-data": "users:\n  - name: izhatomic\n    groups: sudo\n    shell: /bin/bash\n    sudo: ['ALL=(ALL) NOPASSWD:ALL']\n    ssh-authorized-keys:\n    - ssh-rsa AAAAB3NzaC1yc2EAAAADAQABAAABgQC9QX275JBqlHyolvp7/G3zo8ONx9ZFW9oh0ZR8EokNWudYwQrftDseEyZ+MvdfCxO1dAl9CNRwbZvWee7r3NWTKsOv7wOFSf1QEFgCqH4UMr7NIdHgQAYLvDZino18zuelIUwbFn9KfyrLLU+wk7v4b6ocBaifxVGOT5c8qa+++F1lhufrUBvrzeRuruMAi4Xg1cs61kEEU082KyhmZmFbcuNJhUwR5ND4+u88+zw7sFxjqV3jkP+bUxl15InZsw9TDvr0PMjdxphL3QihQ7NgBJmhSUQDz57rJ0vXlIgj2v+YCpakNQU/W+g+CBu5MyQqrEfOdaU4ZwI4tM72biIhTDs8ys7Xgb0LgYc2itRj20l1zwtjxezXOUEwdFVAe0plhWljfUZRojIS8dfJ+g4Rg6Dg26KO1/gDtUjsbroo99RniEu/7m0E4gF4g0C8x1YMQHUy1twBZHfPgOAdQHziVa9u5XE5/JFWvI3PXtJuK9vYbPqDq4yL7XQPUkRjt/s= izhatomic@travelmate\n"
            },
            "name": "web1",
            "network_acceleration_type": "standard",
            "network_interface": [
              {
                "dns_record": [],
                "index": 0,
                "ip_address": "10.0.1.15",
                "ipv4": true,
                "ipv6": false,
                "ipv6_address": "",
                "ipv6_dns_record": [],
                "mac_address": "d0:0d:1d:4d:22:0c",
                "nat": true,
                "nat_dns_record": [],
                "nat_ip_address": "51.250.9.76",
                "nat_ip_version": "IPV4",
                "security_group_ids": [],
                "subnet_id": "e9b54hiuodeek5u8ur5c"
              }
            ],
            "placement_policy": [
              {
                "placement_group_id": ""
              }
            ],
            "platform_id": "standard-v1",
            "resources": [
              {
                "core_fraction": 5,
                "cores": 2,
                "gpus": 0,
                "memory": 1
              }
            ],
            "scheduling_policy": [
              {
                "preemptible": false
              }
            ],
            "secondary_disk": [],
            "service_account_id": "",
            "status": "running",
            "timeouts": null,
            "zone": "ru-central1-a"
          },
          "sensitive_attributes": [],
          "private": "eyJlMmJmYjczMC1lY2FhLTExZTYtOGY4OC0zNDM2M2JjN2M0YzAiOnsiY3JlYXRlIjozMDAwMDAwMDAwMDAsImRlbGV0ZSI6MzAwMDAwMDAwMDAwLCJ1cGRhdGUiOjMwMDAwMDAwMDAwMH0sInNjaGVtYV92ZXJzaW9uIjoiMSJ9",
          "dependencies": [
            "yandex_vpc_network.netology-network",
            "yandex_vpc_subnet.subnet-a"
          ]
        }
      ]
    },
    {
      "mode": "managed",
      "type": "yandex_compute_instance",
      "name": "web2",
      "provider": "provider[\"registry.terraform.io/yandex-cloud/yandex\"]",
      "instances": [
        {
          "schema_version": 1,
          "attributes": {
            "allow_stopping_for_update": null,
            "boot_disk": [
              {
                "auto_delete": true,
                "device_name": "epdtsh6ruumub6eftoeh",
                "disk_id": "epdtsh6ruumub6eftoeh",
                "initialize_params": [
                  {
                    "description": "",
                    "image_id": "fd8ot0k0vde438jv0t8j",
                    "name": "",
                    "size": 3,
                    "snapshot_id": "",
                    "type": "network-hdd"
                  }
                ],
                "mode": "READ_WRITE"
              }
            ],
            "created_at": "2021-12-13T15:17:02Z",
            "description": "",
            "folder_id": "b1gcb5c8lbq0p898u2lg",
            "fqdn": "epd5ctcqh1vvt4g1gg5j.auto.internal",
            "hostname": "epd5ctcqh1vvt4g1gg5j",
            "id": "epd5ctcqh1vvt4g1gg5j",
            "labels": {
              "group": "webservers"
            },
            "metadata": {
              "ssh-keys": "ubuntu:ssh-rsa AAAAB3NzaC1yc2EAAAADAQABAAABgQDG6FGS3bd+4I3g5WozP5IA9uiyLjS7HaKDXoU9j53LHOj5He28qTQ0InPs99wGgWO07gYbolDnlVW0Nmh88yfh4+wPLLp4sH357WyIRFQ5NLjkoAdYkj5Pv22siQriAtyRbAVQ+RMFR0LtRMmXSiRqJSdEFFRfk50h34GA5HtKhN1a0U6mbVgUB5v7JM7RxxOvNRYrb1fkg6Kuwb8z8XXZCOLyMeaHYR/fGQnWKQlvnrL1aRUzJHqkgRQi2N9FQbt5/fYqHAdPxaHMWxKin9dfguoDzjq/fXste2FA/xFH0TkT9lbnpPM4Ee7/Ta1H/cfwCmcAZvnJhBqM/h1b6cBjmJh9Um9EP6lQ4wnfVqL/XvBuggle2ljk3q94tlf+YeAp3moK0My+/gXD+MwS/joEHJHUdl2M/iZPxwvdPs7WcBnOd/KI4sgnOEiHEYppZahy5uMv+YJA61NRoB8C9ySqAOTjpBi11OKRqwgE8V/5wWzWDWGCItNA4zqzC+bPOo8= izhatomic@Xubuntu-VMoracle\n",
              "user-data": "users:\n  - name: izhatomic\n    groups: sudo\n    shell: /bin/bash\n    sudo: ['ALL=(ALL) NOPASSWD:ALL']\n    ssh-authorized-keys:\n    - ssh-rsa AAAAB3NzaC1yc2EAAAADAQABAAABgQC9QX275JBqlHyolvp7/G3zo8ONx9ZFW9oh0ZR8EokNWudYwQrftDseEyZ+MvdfCxO1dAl9CNRwbZvWee7r3NWTKsOv7wOFSf1QEFgCqH4UMr7NIdHgQAYLvDZino18zuelIUwbFn9KfyrLLU+wk7v4b6ocBaifxVGOT5c8qa+++F1lhufrUBvrzeRuruMAi4Xg1cs61kEEU082KyhmZmFbcuNJhUwR5ND4+u88+zw7sFxjqV3jkP+bUxl15InZsw9TDvr0PMjdxphL3QihQ7NgBJmhSUQDz57rJ0vXlIgj2v+YCpakNQU/W+g+CBu5MyQqrEfOdaU4ZwI4tM72biIhTDs8ys7Xgb0LgYc2itRj20l1zwtjxezXOUEwdFVAe0plhWljfUZRojIS8dfJ+g4Rg6Dg26KO1/gDtUjsbroo99RniEu/7m0E4gF4g0C8x1YMQHUy1twBZHfPgOAdQHziVa9u5XE5/JFWvI3PXtJuK9vYbPqDq4yL7XQPUkRjt/s= izhatomic@travelmate\n"
            },
            "name": "web2",
            "network_acceleration_type": "standard",
            "network_interface": [
              {
                "dns_record": [],
                "index": 0,
                "ip_address": "10.0.2.9",
                "ipv4": true,
                "ipv6": false,
                "ipv6_address": "",
                "ipv6_dns_record": [],
                "mac_address": "d0:0d:56:75:9a:88",
                "nat": false,
                "nat_dns_record": [],
                "nat_ip_address": "",
                "nat_ip_version": "",
                "security_group_ids": [],
                "subnet_id": "e2l5ouopp29h761u93dk"
              }
            ],
            "placement_policy": [
              {
                "placement_group_id": ""
              }
            ],
            "platform_id": "standard-v1",
            "resources": [
              {
                "core_fraction": 5,
                "cores": 2,
                "gpus": 0,
                "memory": 1
              }
            ],
            "scheduling_policy": [
              {
                "preemptible": false
              }
            ],
            "secondary_disk": [],
            "service_account_id": "",
            "status": "running",
            "timeouts": null,
            "zone": "ru-central1-b"
          },
          "sensitive_attributes": [],
          "private": "eyJlMmJmYjczMC1lY2FhLTExZTYtOGY4OC0zNDM2M2JjN2M0YzAiOnsiY3JlYXRlIjozMDAwMDAwMDAwMDAsImRlbGV0ZSI6MzAwMDAwMDAwMDAwLCJ1cGRhdGUiOjMwMDAwMDAwMDAwMH0sInNjaGVtYV92ZXJzaW9uIjoiMSJ9",
          "dependencies": [
            "yandex_vpc_network.netology-network",
            "yandex_vpc_subnet.subnet-b"
          ]
        }
      ]
    },
    {
      "mode": "managed",
      "type": "yandex_vpc_network",
      "name": "netology-network",
      "provider": "provider[\"registry.terraform.io/yandex-cloud/yandex\"]",
      "instances": [
        {
          "schema_version": 0,
          "attributes": {
            "created_at": "2021-12-13T15:16:58Z",
            "default_security_group_id": "",
            "description": "",
            "folder_id": "b1gcb5c8lbq0p898u2lg",
            "id": "enpr1dfi1g9sdiehube5",
            "labels": {},
            "name": "netology-network",
            "subnet_ids": [],
            "timeouts": null
          },
          "sensitive_attributes": [],
          "private": "eyJlMmJmYjczMC1lY2FhLTExZTYtOGY4OC0zNDM2M2JjN2M0YzAiOnsiY3JlYXRlIjo2MDAwMDAwMDAwMCwiZGVsZXRlIjo2MDAwMDAwMDAwMCwidXBkYXRlIjo2MDAwMDAwMDAwMH19"
        }
      ]
    },
    {
      "mode": "managed",
      "type": "yandex_vpc_subnet",
      "name": "subnet-a",
      "provider": "provider[\"registry.terraform.io/yandex-cloud/yandex\"]",
      "instances": [
        {
          "schema_version": 0,
          "attributes": {
            "created_at": "2021-12-13T15:17:00Z",
            "description": "",
            "dhcp_options": [],
            "folder_id": "b1gcb5c8lbq0p898u2lg",
            "id": "e9b54hiuodeek5u8ur5c",
            "labels": {},
            "name": "subnet-a",
            "network_id": "enpr1dfi1g9sdiehube5",
            "route_table_id": "",
            "timeouts": null,
            "v4_cidr_blocks": [
              "10.0.1.0/24"
            ],
            "v6_cidr_blocks": [],
            "zone": "ru-central1-a"
          },
          "sensitive_attributes": [],
          "private": "eyJlMmJmYjczMC1lY2FhLTExZTYtOGY4OC0zNDM2M2JjN2M0YzAiOnsiY3JlYXRlIjoxODAwMDAwMDAwMDAsImRlbGV0ZSI6MTgwMDAwMDAwMDAwLCJ1cGRhdGUiOjE4MDAwMDAwMDAwMH19",
          "dependencies": [
            "yandex_vpc_network.netology-network"
          ]
        }
      ]
    },
    {
      "mode": "managed",
      "type": "yandex_vpc_subnet",
      "name": "subnet-b",
      "provider": "provider[\"registry.terraform.io/yandex-cloud/yandex\"]",
      "instances": [
        {
          "schema_version": 0,
          "attributes": {
            "created_at": "2021-12-13T15:17:00Z",
            "description": "",
            "dhcp_options": [],
            "folder_id": "b1gcb5c8lbq0p898u2lg",
            "id": "e2l5ouopp29h761u93dk",
            "labels": {},
            "name": "subnet-b",
            "network_id": "enpr1dfi1g9sdiehube5",
            "route_table_id": "",
            "timeouts": null,
            "v4_cidr_blocks": [
              "10.0.2.0/24"
            ],
            "v6_cidr_blocks": [],
            "zone": "ru-central1-b"
          },
          "sensitive_attributes": [],
          "private": "eyJlMmJmYjczMC1lY2FhLTExZTYtOGY4OC0zNDM2M2JjN2M0YzAiOnsiY3JlYXRlIjoxODAwMDAwMDAwMDAsImRlbGV0ZSI6MTgwMDAwMDAwMDAwLCJ1cGRhdGUiOjE4MDAwMDAwMDAwMH19",
          "dependencies": [
            "yandex_vpc_network.netology-network"
          ]
        }
      ]
    },
    {
      "mode": "managed",
      "type": "yandex_vpc_subnet",
      "name": "subnet-c",
      "provider": "provider[\"registry.terraform.io/yandex-cloud/yandex\"]",
      "instances": [
        {
          "schema_version": 0,
          "attributes": {
            "created_at": "2021-12-13T15:17:00Z",
            "description": "",
            "dhcp_options": [],
            "folder_id": "b1gcb5c8lbq0p898u2lg",
            "id": "b0c3kdtru4ufao6tt91f",
            "labels": {},
            "name": "subnet-c",
            "network_id": "enpr1dfi1g9sdiehube5",
            "route_table_id": "",
            "timeouts": null,
            "v4_cidr_blocks": [
              "10.0.3.0/24"
            ],
            "v6_cidr_blocks": [],
            "zone": "ru-central1-c"
          },
          "sensitive_attributes": [],
          "private": "eyJlMmJmYjczMC1lY2FhLTExZTYtOGY4OC0zNDM2M2JjN2M0YzAiOnsiY3JlYXRlIjoxODAwMDAwMDAwMDAsImRlbGV0ZSI6MTgwMDAwMDAwMDAwLCJ1cGRhdGUiOjE4MDAwMDAwMDAwMH19",
          "dependencies": [
            "yandex_vpc_network.netology-network"
          ]
        }
      ]
    }
  ]
}
