{
  "version": 4,
  "terraform_version": "1.0.11",
  "serial": 7,
  "lineage": "504f32fa-b900-c4c0-e81d-ff128e0c9ecc",
  "outputs": {},
  "resources": [
    {
      "mode": "managed",
      "type": "yandex_compute_instance",
      "name": "default",
      "provider": "provider[\"registry.terraform.io/yandex-cloud/yandex\"]",
      "instances": [
        {
          "schema_version": 1,
          "attributes": {
            "allow_stopping_for_update": null,
            "boot_disk": [
              {
                "auto_delete": true,
                "device_name": "ef3tsfe17a0c9ud38pu4",
                "disk_id": "ef3tsfe17a0c9ud38pu4",
                "initialize_params": [
                  {
                    "description": "",
                    "image_id": "fd8ot0k0vde438jv0t8j",
                    "name": "",
                    "size": 3,
                    "snapshot_id": "",
                    "type": "network-hdd"
                  }
                ],
                "mode": "READ_WRITE"
              }
            ],
            "created_at": "2021-12-08T15:13:52Z",
            "description": "",
            "folder_id": "b1gcb5c8lbq0p898u2lg",
            "fqdn": "ef3dhkmb6hvbnsmen88h.auto.internal",
            "hostname": "ef3dhkmb6hvbnsmen88h",
            "id": "ef3dhkmb6hvbnsmen88h",
            "labels": null,
            "metadata": {
              "user-data": "users:\n  - name: izhatomic\n    groups: sudo\n    shell: /bin/bash\n    sudo: ['ALL=(ALL) NOPASSWD:ALL']\n    ssh-authorized-keys:\n    - ssh-rsa AAAAB3NzaC1yc2EAAAADAQABAAABgQDG6FGS3bd+4I3g5WozP5IA9uiyLjS7HaKDXoU9j53LHOj5He28qTQ0InPs99wGgWO07gYbolDnlVW0Nmh88yfh4+wPLLp4sH357WyIRFQ5NLjkoAdYkj5Pv22siQriAtyRbAVQ+RMFR0LtRMmXSiRqJSdEFFRfk50h34GA5HtKhN1a0U6mbVgUB5v7JM7RxxOvNRYrb1fkg6Kuwb8z8XXZCOLyMeaHYR/fGQnWKQlvnrL1aRUzJHqkgRQi2N9FQbt5/fYqHAdPxaHMWxKin9dfguoDzjq/fXste2FA/xFH0TkT9lbnpPM4Ee7/Ta1H/cfwCmcAZvnJhBqM/h1b6cBjmJh9Um9EP6lQ4wnfVqL/XvBuggle2ljk3q94tlf+YeAp3moK0My+/gXD+MwS/joEHJHUdl2M/iZPxwvdPs7WcBnOd/KI4sgnOEiHEYppZahy5uMv+YJA61NRoB8C9ySqAOTjpBi11OKRqwgE8V/5wWzWDWGCItNA4zqzC+bPOo8= izhatomic@Xubuntu-VMoracle\n"
            },
            "name": "test",
            "network_acceleration_type": "standard",
            "network_interface": [
              {
                "dns_record": [],
                "index": 0,
                "ip_address": "10.130.0.28",
                "ipv4": true,
                "ipv6": false,
                "ipv6_address": "",
                "ipv6_dns_record": [],
                "mac_address": "d0:0d:d8:d2:cb:34",
                "nat": true,
                "nat_dns_record": [],
                "nat_ip_address": "178.154.233.243",
                "nat_ip_version": "IPV4",
                "security_group_ids": [],
                "subnet_id": "b0c3eh2qaofainqtrg4o"
              }
            ],
            "placement_policy": [
              {
                "placement_group_id": ""
              }
            ],
            "platform_id": "standard-v1",
            "resources": [
              {
                "core_fraction": 20,
                "cores": 2,
                "gpus": 0,
                "memory": 2
              }
            ],
            "scheduling_policy": [
              {
                "preemptible": false
              }
            ],
            "secondary_disk": [],
            "service_account_id": "",
            "status": "running",
            "timeouts": null,
            "zone": "ru-central1-c"
          },
          "sensitive_attributes": [],
          "private": "eyJlMmJmYjczMC1lY2FhLTExZTYtOGY4OC0zNDM2M2JjN2M0YzAiOnsiY3JlYXRlIjozMDAwMDAwMDAwMDAsImRlbGV0ZSI6MzAwMDAwMDAwMDAwLCJ1cGRhdGUiOjMwMDAwMDAwMDAwMH0sInNjaGVtYV92ZXJzaW9uIjoiMSJ9"
        }
      ]
    }
  ]
}
