{
  "version": 4,
  "terraform_version": "1.0.11",
  "serial": 80,
  "lineage": "2aba9580-adfb-7e11-35c9-7e725fc9ad4f",
  "outputs": {
    "web1_extIP": {
      "value": "62.84.126.153",
      "type": "string"
    },
    "web2_extIP": {
      "value": "true",
      "type": "string"
    }
  },
  "resources": [
    {
      "mode": "managed",
      "type": "yandex_alb_backend_group",
      "name": "backend-group",
      "provider": "provider[\"registry.terraform.io/yandex-cloud/yandex\"]",
      "instances": []
    },
    {
      "mode": "managed",
      "type": "yandex_alb_http_router",
      "name": "http-router",
      "provider": "provider[\"registry.terraform.io/yandex-cloud/yandex\"]",
      "instances": [
        {
          "schema_version": 0,
          "attributes": {
            "created_at": "2021-12-14T15:03:21Z",
            "description": "",
            "folder_id": "b1gcb5c8lbq0p898u2lg",
            "id": "ds7m84u0007qrvt3l5b9",
            "labels": null,
            "name": "http-router",
            "timeouts": null
          },
          "sensitive_attributes": [],
          "private": "eyJlMmJmYjczMC1lY2FhLTExZTYtOGY4OC0zNDM2M2JjN2M0YzAiOnsiY3JlYXRlIjozMDAwMDAwMDAwMDAsImRlbGV0ZSI6MzAwMDAwMDAwMDAwLCJ1cGRhdGUiOjMwMDAwMDAwMDAwMH19"
        }
      ]
    },
    {
      "mode": "managed",
      "type": "yandex_alb_load_balancer",
      "name": "alb",
      "provider": "provider[\"registry.terraform.io/yandex-cloud/yandex\"]",
      "instances": [
        {
          "schema_version": 0,
          "attributes": {
            "allocation_policy": [
              {
                "location": [
                  {
                    "disable_traffic": false,
                    "subnet_id": "e9bshbn8m3tocgbt2ta3",
                    "zone_id": "ru-central1-a"
                  }
                ]
              }
            ],
            "created_at": "2021-12-14T15:03:25Z",
            "description": "",
            "folder_id": "b1gcb5c8lbq0p898u2lg",
            "id": "ds7np1opc1dc89e2n4c8",
            "labels": null,
            "listener": [
              {
                "endpoint": [
                  {
                    "address": [
                      {
                        "external_ipv4_address": [
                          {
                            "address": "51.250.29.183"
                          }
                        ],
                        "external_ipv6_address": [],
                        "internal_ipv4_address": []
                      }
                    ],
                    "ports": [
                      80
                    ]
                  }
                ],
                "http": [
                  {
                    "handler": [
                      {
                        "allow_http10": false,
                        "http2_options": [],
                        "http_router_id": "ds7m84u0007qrvt3l5b9"
                      }
                    ],
                    "redirects": []
                  }
                ],
                "name": "alb-listener",
                "tls": []
              }
            ],
            "log_group_id": "ckgnc47pvmj9096r7crp",
            "name": "alb",
            "network_id": "enpu4a61rbvut1k6kssk",
            "region_id": "",
            "security_group_ids": null,
            "status": "active",
            "timeouts": null
          },
          "sensitive_attributes": [],
          "private": "eyJlMmJmYjczMC1lY2FhLTExZTYtOGY4OC0zNDM2M2JjN2M0YzAiOnsiY3JlYXRlIjo2MDAwMDAwMDAwMDAsImRlbGV0ZSI6NjAwMDAwMDAwMDAwLCJ1cGRhdGUiOjYwMDAwMDAwMDAwMH19",
          "dependencies": [
            "yandex_alb_http_router.http-router",
            "yandex_vpc_network.netology-network",
            "yandex_vpc_subnet.subnet-a"
          ]
        }
      ]
    },
    {
      "mode": "managed",
      "type": "yandex_compute_instance",
      "name": "bastion",
      "provider": "provider[\"registry.terraform.io/yandex-cloud/yandex\"]",
      "instances": [
        {
          "schema_version": 1,
          "attributes": {
            "allow_stopping_for_update": null,
            "boot_disk": [
              {
                "auto_delete": true,
                "device_name": "ef3gnk6ha7b5bsl75e1e",
                "disk_id": "ef3gnk6ha7b5bsl75e1e",
                "initialize_params": [
                  {
                    "description": "",
                    "image_id": "fd8ot0k0vde438jv0t8j",
                    "name": "",
                    "size": 3,
                    "snapshot_id": "",
                    "type": "network-hdd"
                  }
                ],
                "mode": "READ_WRITE"
              }
            ],
            "created_at": "2021-12-14T15:03:26Z",
            "description": "",
            "folder_id": "b1gcb5c8lbq0p898u2lg",
            "fqdn": "bastion.ru-central1.internal",
            "hostname": "bastion",
            "id": "ef3scakq0emoo7eij2sd",
            "labels": {
              "group": "bastion-hosts",
              "vds": "bastion"
            },
            "metadata": {
              "ssh-keys": "ubuntu:ssh-rsa AAAAB3NzaC1yc2EAAAADAQABAAACAQCnH5imTbmnypzXh9ijkIojXQij/Q1UgO6HNehvYYQKEa0CrHjAgYj1wausO9UdEGD3e5fM5ZEznpPUv8teMDnPXqgZFEpJ17dHFLYbPmzb9Rce2ZUg4sFu1HE5u2TigwUxAa0jY9xoGzc/wOuqNAWl356oYZLxaX0Sp2IPugRZoPnoNLfgMNH/lij0XwOUyoIr/eI1Lto1cnc+n6nzLhTMG0cY2iPDJ6nuMeOlDm4ZNY9dDQRWM86JMBavlMiS6yEgzfYIvDdapa+Oz/m2bEyvDagxSdmofLLO5tJ64SOOZg0gBt2zT03nq/en7+KlMTY8xCa6M6GKW4STgO8HdNh5qKlq1OOCQVqFCL6Hx9aiRI9t+cffMN+mzCdBcBfJJqRGRgoByehhbZZulPY5H4DiNPJnGjtB8pQD09R/qOAhmDny6D5HVqnu5GVz09mVwIdhUoU6lc7xEF1S0D91Uxj5DF2C3C8TJmmHde9axy14r/qRODcyMsD8hXCzYD/mXM2n5zKMMP1aNfkUKYg1mR+9fl0Oeq+TeVtHzsLnCXF7FeIU2YCyWELW/RurOjp3oKzj4Q38l+embbYMu6TQEuso0CJd1ruq9iplMiV6q9w9lFuOFIPW36kjZy1Uj+EJebgPMgQEGR2a7DG+Us3mvvzduSRUZJczuwjhMQ7h4mrZKw== izhatomic@Xubuntu-workVM\n"
            },
            "name": "bastion",
            "network_acceleration_type": "standard",
            "network_interface": [
              {
                "dns_record": [],
                "index": 0,
                "ip_address": "10.0.3.34",
                "ipv4": true,
                "ipv6": false,
                "ipv6_address": "",
                "ipv6_dns_record": [],
                "mac_address": "d0:0d:1c:62:a9:a0",
                "nat": true,
                "nat_dns_record": [],
                "nat_ip_address": "178.154.248.118",
                "nat_ip_version": "IPV4",
                "security_group_ids": [],
                "subnet_id": "b0ctnop2jgc64vq8n2k1"
              }
            ],
            "placement_policy": [
              {
                "placement_group_id": ""
              }
            ],
            "platform_id": "standard-v1",
            "resources": [
              {
                "core_fraction": 5,
                "cores": 2,
                "gpus": 0,
                "memory": 1
              }
            ],
            "scheduling_policy": [
              {
                "preemptible": false
              }
            ],
            "secondary_disk": [],
            "service_account_id": "",
            "status": "running",
            "timeouts": null,
            "zone": "ru-central1-c"
          },
          "sensitive_attributes": [],
          "private": "eyJlMmJmYjczMC1lY2FhLTExZTYtOGY4OC0zNDM2M2JjN2M0YzAiOnsiY3JlYXRlIjozMDAwMDAwMDAwMDAsImRlbGV0ZSI6MzAwMDAwMDAwMDAwLCJ1cGRhdGUiOjMwMDAwMDAwMDAwMH0sInNjaGVtYV92ZXJzaW9uIjoiMSJ9",
          "dependencies": [
            "yandex_vpc_network.netology-network",
            "yandex_vpc_subnet.subnet-c"
          ]
        }
      ]
    },
    {
      "mode": "managed",
      "type": "yandex_compute_instance",
      "name": "elastic",
      "provider": "provider[\"registry.terraform.io/yandex-cloud/yandex\"]",
      "instances": [
        {
          "schema_version": 1,
          "attributes": {
            "allow_stopping_for_update": null,
            "boot_disk": [
              {
                "auto_delete": true,
                "device_name": "epdtitu5j4iaohd6ee7j",
                "disk_id": "epdtitu5j4iaohd6ee7j",
                "initialize_params": [
                  {
                    "description": "",
                    "image_id": "fd8ot0k0vde438jv0t8j",
                    "name": "",
                    "size": 3,
                    "snapshot_id": "",
                    "type": "network-hdd"
                  }
                ],
                "mode": "READ_WRITE"
              }
            ],
            "created_at": "2021-12-14T15:03:26Z",
            "description": "",
            "folder_id": "b1gcb5c8lbq0p898u2lg",
            "fqdn": "elastic.ru-central1.internal",
            "hostname": "elastic",
            "id": "epdlm0mvmqc6nobn6uql",
            "labels": {
              "group": "logging",
              "vds": "elastic"
            },
            "metadata": {
              "ssh-keys": "ubuntu:ssh-rsa AAAAB3NzaC1yc2EAAAADAQABAAACAQCnH5imTbmnypzXh9ijkIojXQij/Q1UgO6HNehvYYQKEa0CrHjAgYj1wausO9UdEGD3e5fM5ZEznpPUv8teMDnPXqgZFEpJ17dHFLYbPmzb9Rce2ZUg4sFu1HE5u2TigwUxAa0jY9xoGzc/wOuqNAWl356oYZLxaX0Sp2IPugRZoPnoNLfgMNH/lij0XwOUyoIr/eI1Lto1cnc+n6nzLhTMG0cY2iPDJ6nuMeOlDm4ZNY9dDQRWM86JMBavlMiS6yEgzfYIvDdapa+Oz/m2bEyvDagxSdmofLLO5tJ64SOOZg0gBt2zT03nq/en7+KlMTY8xCa6M6GKW4STgO8HdNh5qKlq1OOCQVqFCL6Hx9aiRI9t+cffMN+mzCdBcBfJJqRGRgoByehhbZZulPY5H4DiNPJnGjtB8pQD09R/qOAhmDny6D5HVqnu5GVz09mVwIdhUoU6lc7xEF1S0D91Uxj5DF2C3C8TJmmHde9axy14r/qRODcyMsD8hXCzYD/mXM2n5zKMMP1aNfkUKYg1mR+9fl0Oeq+TeVtHzsLnCXF7FeIU2YCyWELW/RurOjp3oKzj4Q38l+embbYMu6TQEuso0CJd1ruq9iplMiV6q9w9lFuOFIPW36kjZy1Uj+EJebgPMgQEGR2a7DG+Us3mvvzduSRUZJczuwjhMQ7h4mrZKw== izhatomic@Xubuntu-workVM\n"
            },
            "name": "elastic",
            "network_acceleration_type": "standard",
            "network_interface": [
              {
                "dns_record": [],
                "index": 0,
                "ip_address": "10.0.2.31",
                "ipv4": true,
                "ipv6": false,
                "ipv6_address": "",
                "ipv6_dns_record": [],
                "mac_address": "d0:0d:15:b0:2d:fb",
                "nat": true,
                "nat_dns_record": [],
                "nat_ip_address": "51.250.16.235",
                "nat_ip_version": "IPV4",
                "security_group_ids": [],
                "subnet_id": "e2lb2ergdqdsa6mrjrqd"
              }
            ],
            "placement_policy": [
              {
                "placement_group_id": ""
              }
            ],
            "platform_id": "standard-v1",
            "resources": [
              {
                "core_fraction": 100,
                "cores": 2,
                "gpus": 0,
                "memory": 8
              }
            ],
            "scheduling_policy": [
              {
                "preemptible": false
              }
            ],
            "secondary_disk": [],
            "service_account_id": "",
            "status": "running",
            "timeouts": null,
            "zone": "ru-central1-b"
          },
          "sensitive_attributes": [],
          "private": "eyJlMmJmYjczMC1lY2FhLTExZTYtOGY4OC0zNDM2M2JjN2M0YzAiOnsiY3JlYXRlIjozMDAwMDAwMDAwMDAsImRlbGV0ZSI6MzAwMDAwMDAwMDAwLCJ1cGRhdGUiOjMwMDAwMDAwMDAwMH0sInNjaGVtYV92ZXJzaW9uIjoiMSJ9",
          "dependencies": [
            "yandex_vpc_network.netology-network",
            "yandex_vpc_subnet.subnet-b"
          ]
        }
      ]
    },
    {
      "mode": "managed",
      "type": "yandex_compute_instance",
      "name": "grafana",
      "provider": "provider[\"registry.terraform.io/yandex-cloud/yandex\"]",
      "instances": [
        {
          "schema_version": 1,
          "attributes": {
            "allow_stopping_for_update": null,
            "boot_disk": [
              {
                "auto_delete": true,
                "device_name": "ef306n3dqnqj0uaj7i2q",
                "disk_id": "ef306n3dqnqj0uaj7i2q",
                "initialize_params": [
                  {
                    "description": "",
                    "image_id": "fd8ot0k0vde438jv0t8j",
                    "name": "",
                    "size": 3,
                    "snapshot_id": "",
                    "type": "network-hdd"
                  }
                ],
                "mode": "READ_WRITE"
              }
            ],
            "created_at": "2021-12-14T15:03:25Z",
            "description": "",
            "folder_id": "b1gcb5c8lbq0p898u2lg",
            "fqdn": "grafana.ru-central1.internal",
            "hostname": "grafana",
            "id": "ef3c14mj94qrejot1q6j",
            "labels": {
              "group": "monitoring",
              "vds": "grafana"
            },
            "metadata": {
              "ssh-keys": "ubuntu:ssh-rsa AAAAB3NzaC1yc2EAAAADAQABAAACAQCnH5imTbmnypzXh9ijkIojXQij/Q1UgO6HNehvYYQKEa0CrHjAgYj1wausO9UdEGD3e5fM5ZEznpPUv8teMDnPXqgZFEpJ17dHFLYbPmzb9Rce2ZUg4sFu1HE5u2TigwUxAa0jY9xoGzc/wOuqNAWl356oYZLxaX0Sp2IPugRZoPnoNLfgMNH/lij0XwOUyoIr/eI1Lto1cnc+n6nzLhTMG0cY2iPDJ6nuMeOlDm4ZNY9dDQRWM86JMBavlMiS6yEgzfYIvDdapa+Oz/m2bEyvDagxSdmofLLO5tJ64SOOZg0gBt2zT03nq/en7+KlMTY8xCa6M6GKW4STgO8HdNh5qKlq1OOCQVqFCL6Hx9aiRI9t+cffMN+mzCdBcBfJJqRGRgoByehhbZZulPY5H4DiNPJnGjtB8pQD09R/qOAhmDny6D5HVqnu5GVz09mVwIdhUoU6lc7xEF1S0D91Uxj5DF2C3C8TJmmHde9axy14r/qRODcyMsD8hXCzYD/mXM2n5zKMMP1aNfkUKYg1mR+9fl0Oeq+TeVtHzsLnCXF7FeIU2YCyWELW/RurOjp3oKzj4Q38l+embbYMu6TQEuso0CJd1ruq9iplMiV6q9w9lFuOFIPW36kjZy1Uj+EJebgPMgQEGR2a7DG+Us3mvvzduSRUZJczuwjhMQ7h4mrZKw== izhatomic@Xubuntu-workVM\n"
            },
            "name": "grafana",
            "network_acceleration_type": "standard",
            "network_interface": [
              {
                "dns_record": [],
                "index": 0,
                "ip_address": "10.0.3.33",
                "ipv4": true,
                "ipv6": false,
                "ipv6_address": "",
                "ipv6_dns_record": [],
                "mac_address": "d0:0d:c0:92:d3:49",
                "nat": true,
                "nat_dns_record": [],
                "nat_ip_address": "178.154.251.10",
                "nat_ip_version": "IPV4",
                "security_group_ids": [],
                "subnet_id": "b0ctnop2jgc64vq8n2k1"
              }
            ],
            "placement_policy": [
              {
                "placement_group_id": ""
              }
            ],
            "platform_id": "standard-v1",
            "resources": [
              {
                "core_fraction": 100,
                "cores": 2,
                "gpus": 0,
                "memory": 8
              }
            ],
            "scheduling_policy": [
              {
                "preemptible": false
              }
            ],
            "secondary_disk": [],
            "service_account_id": "",
            "status": "running",
            "timeouts": null,
            "zone": "ru-central1-c"
          },
          "sensitive_attributes": [],
          "private": "eyJlMmJmYjczMC1lY2FhLTExZTYtOGY4OC0zNDM2M2JjN2M0YzAiOnsiY3JlYXRlIjozMDAwMDAwMDAwMDAsImRlbGV0ZSI6MzAwMDAwMDAwMDAwLCJ1cGRhdGUiOjMwMDAwMDAwMDAwMH0sInNjaGVtYV92ZXJzaW9uIjoiMSJ9",
          "dependencies": [
            "yandex_vpc_network.netology-network",
            "yandex_vpc_subnet.subnet-c"
          ]
        }
      ]
    },
    {
      "mode": "managed",
      "type": "yandex_compute_instance",
      "name": "kibana",
      "provider": "provider[\"registry.terraform.io/yandex-cloud/yandex\"]",
      "instances": [
        {
          "schema_version": 1,
          "attributes": {
            "allow_stopping_for_update": null,
            "boot_disk": [
              {
                "auto_delete": true,
                "device_name": "ef3qmolo8niqp3gf5id5",
                "disk_id": "ef3qmolo8niqp3gf5id5",
                "initialize_params": [
                  {
                    "description": "",
                    "image_id": "fd8ot0k0vde438jv0t8j",
                    "name": "",
                    "size": 3,
                    "snapshot_id": "",
                    "type": "network-hdd"
                  }
                ],
                "mode": "READ_WRITE"
              }
            ],
            "created_at": "2021-12-14T15:03:25Z",
            "description": "",
            "folder_id": "b1gcb5c8lbq0p898u2lg",
            "fqdn": "kibana.ru-central1.internal",
            "hostname": "kibana",
            "id": "ef31kb6flm3kejtc8t9p",
            "labels": {
              "group": "logging",
              "vds": "kibana"
            },
            "metadata": {
              "ssh-keys": "ubuntu:ssh-rsa AAAAB3NzaC1yc2EAAAADAQABAAACAQCnH5imTbmnypzXh9ijkIojXQij/Q1UgO6HNehvYYQKEa0CrHjAgYj1wausO9UdEGD3e5fM5ZEznpPUv8teMDnPXqgZFEpJ17dHFLYbPmzb9Rce2ZUg4sFu1HE5u2TigwUxAa0jY9xoGzc/wOuqNAWl356oYZLxaX0Sp2IPugRZoPnoNLfgMNH/lij0XwOUyoIr/eI1Lto1cnc+n6nzLhTMG0cY2iPDJ6nuMeOlDm4ZNY9dDQRWM86JMBavlMiS6yEgzfYIvDdapa+Oz/m2bEyvDagxSdmofLLO5tJ64SOOZg0gBt2zT03nq/en7+KlMTY8xCa6M6GKW4STgO8HdNh5qKlq1OOCQVqFCL6Hx9aiRI9t+cffMN+mzCdBcBfJJqRGRgoByehhbZZulPY5H4DiNPJnGjtB8pQD09R/qOAhmDny6D5HVqnu5GVz09mVwIdhUoU6lc7xEF1S0D91Uxj5DF2C3C8TJmmHde9axy14r/qRODcyMsD8hXCzYD/mXM2n5zKMMP1aNfkUKYg1mR+9fl0Oeq+TeVtHzsLnCXF7FeIU2YCyWELW/RurOjp3oKzj4Q38l+embbYMu6TQEuso0CJd1ruq9iplMiV6q9w9lFuOFIPW36kjZy1Uj+EJebgPMgQEGR2a7DG+Us3mvvzduSRUZJczuwjhMQ7h4mrZKw== izhatomic@Xubuntu-workVM\n"
            },
            "name": "kibana",
            "network_acceleration_type": "standard",
            "network_interface": [
              {
                "dns_record": [],
                "index": 0,
                "ip_address": "10.0.3.32",
                "ipv4": true,
                "ipv6": false,
                "ipv6_address": "",
                "ipv6_dns_record": [],
                "mac_address": "d0:0d:1a:2c:cf:ad",
                "nat": true,
                "nat_dns_record": [],
                "nat_ip_address": "178.154.250.152",
                "nat_ip_version": "IPV4",
                "security_group_ids": [],
                "subnet_id": "b0ctnop2jgc64vq8n2k1"
              }
            ],
            "placement_policy": [
              {
                "placement_group_id": ""
              }
            ],
            "platform_id": "standard-v1",
            "resources": [
              {
                "core_fraction": 100,
                "cores": 2,
                "gpus": 0,
                "memory": 8
              }
            ],
            "scheduling_policy": [
              {
                "preemptible": false
              }
            ],
            "secondary_disk": [],
            "service_account_id": "",
            "status": "running",
            "timeouts": null,
            "zone": "ru-central1-c"
          },
          "sensitive_attributes": [],
          "private": "eyJlMmJmYjczMC1lY2FhLTExZTYtOGY4OC0zNDM2M2JjN2M0YzAiOnsiY3JlYXRlIjozMDAwMDAwMDAwMDAsImRlbGV0ZSI6MzAwMDAwMDAwMDAwLCJ1cGRhdGUiOjMwMDAwMDAwMDAwMH0sInNjaGVtYV92ZXJzaW9uIjoiMSJ9",
          "dependencies": [
            "yandex_vpc_network.netology-network",
            "yandex_vpc_subnet.subnet-c"
          ]
        }
      ]
    },
    {
      "mode": "managed",
      "type": "yandex_compute_instance",
      "name": "prometheus",
      "provider": "provider[\"registry.terraform.io/yandex-cloud/yandex\"]",
      "instances": [
        {
          "schema_version": 1,
          "attributes": {
            "allow_stopping_for_update": null,
            "boot_disk": [
              {
                "auto_delete": true,
                "device_name": "epdfjltf69qsdf7o4m7i",
                "disk_id": "epdfjltf69qsdf7o4m7i",
                "initialize_params": [
                  {
                    "description": "",
                    "image_id": "fd8ot0k0vde438jv0t8j",
                    "name": "",
                    "size": 3,
                    "snapshot_id": "",
                    "type": "network-hdd"
                  }
                ],
                "mode": "READ_WRITE"
              }
            ],
            "created_at": "2021-12-14T15:03:26Z",
            "description": "",
            "folder_id": "b1gcb5c8lbq0p898u2lg",
            "fqdn": "prometheus.ru-central1.internal",
            "hostname": "prometheus",
            "id": "epdvam9foem3h5q8bq1h",
            "labels": {
              "group": "monitoring",
              "vds": "prometheus"
            },
            "metadata": {
              "ssh-keys": "ubuntu:ssh-rsa AAAAB3NzaC1yc2EAAAADAQABAAACAQCnH5imTbmnypzXh9ijkIojXQij/Q1UgO6HNehvYYQKEa0CrHjAgYj1wausO9UdEGD3e5fM5ZEznpPUv8teMDnPXqgZFEpJ17dHFLYbPmzb9Rce2ZUg4sFu1HE5u2TigwUxAa0jY9xoGzc/wOuqNAWl356oYZLxaX0Sp2IPugRZoPnoNLfgMNH/lij0XwOUyoIr/eI1Lto1cnc+n6nzLhTMG0cY2iPDJ6nuMeOlDm4ZNY9dDQRWM86JMBavlMiS6yEgzfYIvDdapa+Oz/m2bEyvDagxSdmofLLO5tJ64SOOZg0gBt2zT03nq/en7+KlMTY8xCa6M6GKW4STgO8HdNh5qKlq1OOCQVqFCL6Hx9aiRI9t+cffMN+mzCdBcBfJJqRGRgoByehhbZZulPY5H4DiNPJnGjtB8pQD09R/qOAhmDny6D5HVqnu5GVz09mVwIdhUoU6lc7xEF1S0D91Uxj5DF2C3C8TJmmHde9axy14r/qRODcyMsD8hXCzYD/mXM2n5zKMMP1aNfkUKYg1mR+9fl0Oeq+TeVtHzsLnCXF7FeIU2YCyWELW/RurOjp3oKzj4Q38l+embbYMu6TQEuso0CJd1ruq9iplMiV6q9w9lFuOFIPW36kjZy1Uj+EJebgPMgQEGR2a7DG+Us3mvvzduSRUZJczuwjhMQ7h4mrZKw== izhatomic@Xubuntu-workVM\n"
            },
            "name": "prometheus",
            "network_acceleration_type": "standard",
            "network_interface": [
              {
                "dns_record": [],
                "index": 0,
                "ip_address": "10.0.2.34",
                "ipv4": true,
                "ipv6": false,
                "ipv6_address": "",
                "ipv6_dns_record": [],
                "mac_address": "d0:0d:1f:55:92:fc",
                "nat": true,
                "nat_dns_record": [],
                "nat_ip_address": "51.250.16.45",
                "nat_ip_version": "IPV4",
                "security_group_ids": [],
                "subnet_id": "e2lb2ergdqdsa6mrjrqd"
              }
            ],
            "placement_policy": [
              {
                "placement_group_id": ""
              }
            ],
            "platform_id": "standard-v1",
            "resources": [
              {
                "core_fraction": 100,
                "cores": 2,
                "gpus": 0,
                "memory": 4
              }
            ],
            "scheduling_policy": [
              {
                "preemptible": false
              }
            ],
            "secondary_disk": [],
            "service_account_id": "",
            "status": "running",
            "timeouts": null,
            "zone": "ru-central1-b"
          },
          "sensitive_attributes": [],
          "private": "eyJlMmJmYjczMC1lY2FhLTExZTYtOGY4OC0zNDM2M2JjN2M0YzAiOnsiY3JlYXRlIjozMDAwMDAwMDAwMDAsImRlbGV0ZSI6MzAwMDAwMDAwMDAwLCJ1cGRhdGUiOjMwMDAwMDAwMDAwMH0sInNjaGVtYV92ZXJzaW9uIjoiMSJ9",
          "dependencies": [
            "yandex_vpc_network.netology-network",
            "yandex_vpc_subnet.subnet-b"
          ]
        }
      ]
    },
    {
      "mode": "managed",
      "type": "yandex_compute_instance",
      "name": "web1",
      "provider": "provider[\"registry.terraform.io/yandex-cloud/yandex\"]",
      "instances": [
        {
          "schema_version": 1,
          "attributes": {
            "allow_stopping_for_update": null,
            "boot_disk": [
              {
                "auto_delete": true,
                "device_name": "fhmkstnsgg2jt11qd0qg",
                "disk_id": "fhmkstnsgg2jt11qd0qg",
                "initialize_params": [
                  {
                    "description": "",
                    "image_id": "fd8ot0k0vde438jv0t8j",
                    "name": "",
                    "size": 3,
                    "snapshot_id": "",
                    "type": "network-hdd"
                  }
                ],
                "mode": "READ_WRITE"
              }
            ],
            "created_at": "2021-12-14T15:03:25Z",
            "description": "",
            "folder_id": "b1gcb5c8lbq0p898u2lg",
            "fqdn": "web1.ru-central1.internal",
            "hostname": "web1",
            "id": "fhmmofca0lnt3ngtdgmv",
            "labels": {
              "group": "webservers",
              "vds": "web1"
            },
            "metadata": {
              "ssh-keys": "ubuntu:ssh-rsa AAAAB3NzaC1yc2EAAAADAQABAAACAQCnH5imTbmnypzXh9ijkIojXQij/Q1UgO6HNehvYYQKEa0CrHjAgYj1wausO9UdEGD3e5fM5ZEznpPUv8teMDnPXqgZFEpJ17dHFLYbPmzb9Rce2ZUg4sFu1HE5u2TigwUxAa0jY9xoGzc/wOuqNAWl356oYZLxaX0Sp2IPugRZoPnoNLfgMNH/lij0XwOUyoIr/eI1Lto1cnc+n6nzLhTMG0cY2iPDJ6nuMeOlDm4ZNY9dDQRWM86JMBavlMiS6yEgzfYIvDdapa+Oz/m2bEyvDagxSdmofLLO5tJ64SOOZg0gBt2zT03nq/en7+KlMTY8xCa6M6GKW4STgO8HdNh5qKlq1OOCQVqFCL6Hx9aiRI9t+cffMN+mzCdBcBfJJqRGRgoByehhbZZulPY5H4DiNPJnGjtB8pQD09R/qOAhmDny6D5HVqnu5GVz09mVwIdhUoU6lc7xEF1S0D91Uxj5DF2C3C8TJmmHde9axy14r/qRODcyMsD8hXCzYD/mXM2n5zKMMP1aNfkUKYg1mR+9fl0Oeq+TeVtHzsLnCXF7FeIU2YCyWELW/RurOjp3oKzj4Q38l+embbYMu6TQEuso0CJd1ruq9iplMiV6q9w9lFuOFIPW36kjZy1Uj+EJebgPMgQEGR2a7DG+Us3mvvzduSRUZJczuwjhMQ7h4mrZKw== izhatomic@Xubuntu-workVM\n",
              "user-data": "users:\n  - name: izhatomic\n    groups: sudo\n    shell: /bin/bash\n    sudo: ['ALL=(ALL) NOPASSWD:ALL']\n    ssh-authorized-keys:\n    - ssh-rsa AAAAB3NzaC1yc2EAAAADAQABAAABgQC9QX275JBqlHyolvp7/G3zo8ONx9ZFW9oh0ZR8EokNWudYwQrftDseEyZ+MvdfCxO1dAl9CNRwbZvWee7r3NWTKsOv7wOFSf1QEFgCqH4UMr7NIdHgQAYLvDZino18zuelIUwbFn9KfyrLLU+wk7v4b6ocBaifxVGOT5c8qa+++F1lhufrUBvrzeRuruMAi4Xg1cs61kEEU082KyhmZmFbcuNJhUwR5ND4+u88+zw7sFxjqV3jkP+bUxl15InZsw9TDvr0PMjdxphL3QihQ7NgBJmhSUQDz57rJ0vXlIgj2v+YCpakNQU/W+g+CBu5MyQqrEfOdaU4ZwI4tM72biIhTDs8ys7Xgb0LgYc2itRj20l1zwtjxezXOUEwdFVAe0plhWljfUZRojIS8dfJ+g4Rg6Dg26KO1/gDtUjsbroo99RniEu/7m0E4gF4g0C8x1YMQHUy1twBZHfPgOAdQHziVa9u5XE5/JFWvI3PXtJuK9vYbPqDq4yL7XQPUkRjt/s= izhatomic@travelmate\n"
            },
            "name": "web1",
            "network_acceleration_type": "standard",
            "network_interface": [
              {
                "dns_record": [],
                "index": 0,
                "ip_address": "10.0.1.12",
                "ipv4": true,
                "ipv6": false,
                "ipv6_address": "",
                "ipv6_dns_record": [],
                "mac_address": "d0:0d:16:c3:d8:a0",
                "nat": true,
                "nat_dns_record": [],
                "nat_ip_address": "62.84.126.153",
                "nat_ip_version": "IPV4",
                "security_group_ids": [],
                "subnet_id": "e9bshbn8m3tocgbt2ta3"
              }
            ],
            "placement_policy": [
              {
                "placement_group_id": ""
              }
            ],
            "platform_id": "standard-v1",
            "resources": [
              {
                "core_fraction": 5,
                "cores": 2,
                "gpus": 0,
                "memory": 1
              }
            ],
            "scheduling_policy": [
              {
                "preemptible": false
              }
            ],
            "secondary_disk": [],
            "service_account_id": "",
            "status": "running",
            "timeouts": null,
            "zone": "ru-central1-a"
          },
          "sensitive_attributes": [],
          "private": "eyJlMmJmYjczMC1lY2FhLTExZTYtOGY4OC0zNDM2M2JjN2M0YzAiOnsiY3JlYXRlIjozMDAwMDAwMDAwMDAsImRlbGV0ZSI6MzAwMDAwMDAwMDAwLCJ1cGRhdGUiOjMwMDAwMDAwMDAwMH0sInNjaGVtYV92ZXJzaW9uIjoiMSJ9",
          "dependencies": [
            "yandex_vpc_network.netology-network",
            "yandex_vpc_subnet.subnet-a"
          ]
        }
      ]
    },
    {
      "mode": "managed",
      "type": "yandex_compute_instance",
      "name": "web2",
      "provider": "provider[\"registry.terraform.io/yandex-cloud/yandex\"]",
      "instances": [
        {
          "schema_version": 1,
          "attributes": {
            "allow_stopping_for_update": null,
            "boot_disk": [
              {
                "auto_delete": true,
                "device_name": "epdjtli7uiabr6h0n6ov",
                "disk_id": "epdjtli7uiabr6h0n6ov",
                "initialize_params": [
                  {
                    "description": "",
                    "image_id": "fd8ot0k0vde438jv0t8j",
                    "name": "",
                    "size": 3,
                    "snapshot_id": "",
                    "type": "network-hdd"
                  }
                ],
                "mode": "READ_WRITE"
              }
            ],
            "created_at": "2021-12-14T15:03:26Z",
            "description": "",
            "folder_id": "b1gcb5c8lbq0p898u2lg",
            "fqdn": "web2.ru-central1.internal",
            "hostname": "web2",
            "id": "epd9afiac78o71enepes",
            "labels": {
              "group": "webservers",
              "vds": "web2"
            },
            "metadata": {
              "ssh-keys": "ubuntu:ssh-rsa AAAAB3NzaC1yc2EAAAADAQABAAACAQCnH5imTbmnypzXh9ijkIojXQij/Q1UgO6HNehvYYQKEa0CrHjAgYj1wausO9UdEGD3e5fM5ZEznpPUv8teMDnPXqgZFEpJ17dHFLYbPmzb9Rce2ZUg4sFu1HE5u2TigwUxAa0jY9xoGzc/wOuqNAWl356oYZLxaX0Sp2IPugRZoPnoNLfgMNH/lij0XwOUyoIr/eI1Lto1cnc+n6nzLhTMG0cY2iPDJ6nuMeOlDm4ZNY9dDQRWM86JMBavlMiS6yEgzfYIvDdapa+Oz/m2bEyvDagxSdmofLLO5tJ64SOOZg0gBt2zT03nq/en7+KlMTY8xCa6M6GKW4STgO8HdNh5qKlq1OOCQVqFCL6Hx9aiRI9t+cffMN+mzCdBcBfJJqRGRgoByehhbZZulPY5H4DiNPJnGjtB8pQD09R/qOAhmDny6D5HVqnu5GVz09mVwIdhUoU6lc7xEF1S0D91Uxj5DF2C3C8TJmmHde9axy14r/qRODcyMsD8hXCzYD/mXM2n5zKMMP1aNfkUKYg1mR+9fl0Oeq+TeVtHzsLnCXF7FeIU2YCyWELW/RurOjp3oKzj4Q38l+embbYMu6TQEuso0CJd1ruq9iplMiV6q9w9lFuOFIPW36kjZy1Uj+EJebgPMgQEGR2a7DG+Us3mvvzduSRUZJczuwjhMQ7h4mrZKw== izhatomic@Xubuntu-workVM\n",
              "user-data": "users:\n  - name: izhatomic\n    groups: sudo\n    shell: /bin/bash\n    sudo: ['ALL=(ALL) NOPASSWD:ALL']\n    ssh-authorized-keys:\n    - ssh-rsa AAAAB3NzaC1yc2EAAAADAQABAAABgQC9QX275JBqlHyolvp7/G3zo8ONx9ZFW9oh0ZR8EokNWudYwQrftDseEyZ+MvdfCxO1dAl9CNRwbZvWee7r3NWTKsOv7wOFSf1QEFgCqH4UMr7NIdHgQAYLvDZino18zuelIUwbFn9KfyrLLU+wk7v4b6ocBaifxVGOT5c8qa+++F1lhufrUBvrzeRuruMAi4Xg1cs61kEEU082KyhmZmFbcuNJhUwR5ND4+u88+zw7sFxjqV3jkP+bUxl15InZsw9TDvr0PMjdxphL3QihQ7NgBJmhSUQDz57rJ0vXlIgj2v+YCpakNQU/W+g+CBu5MyQqrEfOdaU4ZwI4tM72biIhTDs8ys7Xgb0LgYc2itRj20l1zwtjxezXOUEwdFVAe0plhWljfUZRojIS8dfJ+g4Rg6Dg26KO1/gDtUjsbroo99RniEu/7m0E4gF4g0C8x1YMQHUy1twBZHfPgOAdQHziVa9u5XE5/JFWvI3PXtJuK9vYbPqDq4yL7XQPUkRjt/s= izhatomic@travelmate\n"
            },
            "name": "web2",
            "network_acceleration_type": "standard",
            "network_interface": [
              {
                "dns_record": [],
                "index": 0,
                "ip_address": "10.0.2.26",
                "ipv4": true,
                "ipv6": false,
                "ipv6_address": "",
                "ipv6_dns_record": [],
                "mac_address": "d0:0d:95:3e:4a:61",
                "nat": false,
                "nat_dns_record": [],
                "nat_ip_address": "",
                "nat_ip_version": "",
                "security_group_ids": [],
                "subnet_id": "e2lb2ergdqdsa6mrjrqd"
              }
            ],
            "placement_policy": [
              {
                "placement_group_id": ""
              }
            ],
            "platform_id": "standard-v1",
            "resources": [
              {
                "core_fraction": 5,
                "cores": 2,
                "gpus": 0,
                "memory": 1
              }
            ],
            "scheduling_policy": [
              {
                "preemptible": false
              }
            ],
            "secondary_disk": [],
            "service_account_id": "",
            "status": "running",
            "timeouts": null,
            "zone": "ru-central1-b"
          },
          "sensitive_attributes": [],
          "private": "eyJlMmJmYjczMC1lY2FhLTExZTYtOGY4OC0zNDM2M2JjN2M0YzAiOnsiY3JlYXRlIjozMDAwMDAwMDAwMDAsImRlbGV0ZSI6MzAwMDAwMDAwMDAwLCJ1cGRhdGUiOjMwMDAwMDAwMDAwMH0sInNjaGVtYV92ZXJzaW9uIjoiMSJ9",
          "dependencies": [
            "yandex_vpc_network.netology-network",
            "yandex_vpc_subnet.subnet-b"
          ]
        }
      ]
    },
    {
      "mode": "managed",
      "type": "yandex_vpc_network",
      "name": "netology-network",
      "provider": "provider[\"registry.terraform.io/yandex-cloud/yandex\"]",
      "instances": [
        {
          "schema_version": 0,
          "attributes": {
            "created_at": "2021-12-14T15:03:21Z",
            "default_security_group_id": "",
            "description": "",
            "folder_id": "b1gcb5c8lbq0p898u2lg",
            "id": "enpu4a61rbvut1k6kssk",
            "labels": {},
            "name": "netology-network",
            "subnet_ids": [],
            "timeouts": null
          },
          "sensitive_attributes": [],
          "private": "eyJlMmJmYjczMC1lY2FhLTExZTYtOGY4OC0zNDM2M2JjN2M0YzAiOnsiY3JlYXRlIjo2MDAwMDAwMDAwMCwiZGVsZXRlIjo2MDAwMDAwMDAwMCwidXBkYXRlIjo2MDAwMDAwMDAwMH19"
        }
      ]
    },
    {
      "mode": "managed",
      "type": "yandex_vpc_subnet",
      "name": "subnet-a",
      "provider": "provider[\"registry.terraform.io/yandex-cloud/yandex\"]",
      "instances": [
        {
          "schema_version": 0,
          "attributes": {
            "created_at": "2021-12-14T15:03:24Z",
            "description": "",
            "dhcp_options": [],
            "folder_id": "b1gcb5c8lbq0p898u2lg",
            "id": "e9bshbn8m3tocgbt2ta3",
            "labels": {},
            "name": "subnet-a",
            "network_id": "enpu4a61rbvut1k6kssk",
            "route_table_id": "",
            "timeouts": null,
            "v4_cidr_blocks": [
              "10.0.1.0/24"
            ],
            "v6_cidr_blocks": [],
            "zone": "ru-central1-a"
          },
          "sensitive_attributes": [],
          "private": "eyJlMmJmYjczMC1lY2FhLTExZTYtOGY4OC0zNDM2M2JjN2M0YzAiOnsiY3JlYXRlIjoxODAwMDAwMDAwMDAsImRlbGV0ZSI6MTgwMDAwMDAwMDAwLCJ1cGRhdGUiOjE4MDAwMDAwMDAwMH19",
          "dependencies": [
            "yandex_vpc_network.netology-network"
          ]
        }
      ]
    },
    {
      "mode": "managed",
      "type": "yandex_vpc_subnet",
      "name": "subnet-b",
      "provider": "provider[\"registry.terraform.io/yandex-cloud/yandex\"]",
      "instances": [
        {
          "schema_version": 0,
          "attributes": {
            "created_at": "2021-12-14T15:03:25Z",
            "description": "",
            "dhcp_options": [],
            "folder_id": "b1gcb5c8lbq0p898u2lg",
            "id": "e2lb2ergdqdsa6mrjrqd",
            "labels": {},
            "name": "subnet-b",
            "network_id": "enpu4a61rbvut1k6kssk",
            "route_table_id": "",
            "timeouts": null,
            "v4_cidr_blocks": [
              "10.0.2.0/24"
            ],
            "v6_cidr_blocks": [],
            "zone": "ru-central1-b"
          },
          "sensitive_attributes": [],
          "private": "eyJlMmJmYjczMC1lY2FhLTExZTYtOGY4OC0zNDM2M2JjN2M0YzAiOnsiY3JlYXRlIjoxODAwMDAwMDAwMDAsImRlbGV0ZSI6MTgwMDAwMDAwMDAwLCJ1cGRhdGUiOjE4MDAwMDAwMDAwMH19",
          "dependencies": [
            "yandex_vpc_network.netology-network"
          ]
        }
      ]
    },
    {
      "mode": "managed",
      "type": "yandex_vpc_subnet",
      "name": "subnet-c",
      "provider": "provider[\"registry.terraform.io/yandex-cloud/yandex\"]",
      "instances": [
        {
          "schema_version": 0,
          "attributes": {
            "created_at": "2021-12-14T15:03:24Z",
            "description": "",
            "dhcp_options": [],
            "folder_id": "b1gcb5c8lbq0p898u2lg",
            "id": "b0ctnop2jgc64vq8n2k1",
            "labels": {},
            "name": "subnet-c",
            "network_id": "enpu4a61rbvut1k6kssk",
            "route_table_id": "",
            "timeouts": null,
            "v4_cidr_blocks": [
              "10.0.3.0/24"
            ],
            "v6_cidr_blocks": [],
            "zone": "ru-central1-c"
          },
          "sensitive_attributes": [],
          "private": "eyJlMmJmYjczMC1lY2FhLTExZTYtOGY4OC0zNDM2M2JjN2M0YzAiOnsiY3JlYXRlIjoxODAwMDAwMDAwMDAsImRlbGV0ZSI6MTgwMDAwMDAwMDAwLCJ1cGRhdGUiOjE4MDAwMDAwMDAwMH19",
          "dependencies": [
            "yandex_vpc_network.netology-network"
          ]
        }
      ]
    }
  ]
}
